
Microsoft Visual Studio Solution File, Format Version 12.00
# Visual Studio 2015
Project("{FAE04EC0-301F-11D3-BF4B-00C04F79EFBC}") = "Lab05v3", "Lab05v3.csproj", "{ABCCD495-3BF4-D00E-0E32-D33A6C2A2CD6}"
EndProject
Global
	GlobalSection(SolutionConfigurationPlatforms) = preSolution
		Debug|Any CPU = Debug|Any CPU
		Release|Any CPU = Release|Any CPU
	EndGlobalSection
	GlobalSection(ProjectConfigurationPlatforms) = postSolution
		{ABCCD495-3BF4-D00E-0E32-D33A6C2A2CD6}.Debug|Any CPU.ActiveCfg = Debug|Any CPU
		{ABCCD495-3BF4-D00E-0E32-D33A6C2A2CD6}.Debug|Any CPU.Build.0 = Debug|Any CPU
		{ABCCD495-3BF4-D00E-0E32-D33A6C2A2CD6}.Release|Any CPU.ActiveCfg = Release|Any CPU
		{ABCCD495-3BF4-D00E-0E32-D33A6C2A2CD6}.Release|Any CPU.Build.0 = Release|Any CPU
	EndGlobalSection
	GlobalSection(SolutionProperties) = preSolution
		HideSolutionNode = FALSE
	EndGlobalSection
EndGlobal
