
Microsoft Visual Studio Solution File, Format Version 11.00
# Visual Studio 2010
Project("{FAE04EC0-301F-11D3-BF4B-00C04F79EFBC}") = "Menu1.01", "Assembly-CSharp.csproj", "{DBBA0510-AB8D-671F-79D9-A19C3C02E237}"
EndProject
Global
	GlobalSection(SolutionConfigurationPlatforms) = preSolution
		Debug|Any CPU = Debug|Any CPU
		Release|Any CPU = Release|Any CPU
	EndGlobalSection
	GlobalSection(ProjectConfigurationPlatforms) = postSolution
		{DBBA0510-AB8D-671F-79D9-A19C3C02E237}.Debug|Any CPU.ActiveCfg = Debug|Any CPU
		{DBBA0510-AB8D-671F-79D9-A19C3C02E237}.Debug|Any CPU.Build.0 = Debug|Any CPU
		{DBBA0510-AB8D-671F-79D9-A19C3C02E237}.Release|Any CPU.ActiveCfg = Release|Any CPU
		{DBBA0510-AB8D-671F-79D9-A19C3C02E237}.Release|Any CPU.Build.0 = Release|Any CPU
	EndGlobalSection
	GlobalSection(SolutionProperties) = preSolution
		HideSolutionNode = FALSE
	EndGlobalSection
	GlobalSection(MonoDevelopProperties) = preSolution
		StartupItem = Assembly-CSharp.csproj
	EndGlobalSection
EndGlobal
